
Microsoft Visual Studio Solution File, Format Version 12.00
# Visual Studio Version 17
VisualStudioVersion = 17.5.33530.505
MinimumVisualStudioVersion = 10.0.40219.1
Project("{FAE04EC0-301F-11D3-BF4B-00C04F79EFBC}") = "Delivery_Project", "Delivery_Project\Delivery_Project.csproj", "{4C414D8F-7B71-4760-BCF4-96115D77A222}"
EndProject
Global
	GlobalSection(SolutionConfigurationPlatforms) = preSolution
		Debug|Any CPU = Debug|Any CPU
		Release|Any CPU = Release|Any CPU
	EndGlobalSection
	GlobalSection(ProjectConfigurationPlatforms) = postSolution
		{4C414D8F-7B71-4760-BCF4-96115D77A222}.Debug|Any CPU.ActiveCfg = Debug|Any CPU
		{4C414D8F-7B71-4760-BCF4-96115D77A222}.Debug|Any CPU.Build.0 = Debug|Any CPU
		{4C414D8F-7B71-4760-BCF4-96115D77A222}.Release|Any CPU.ActiveCfg = Release|Any CPU
		{4C414D8F-7B71-4760-BCF4-96115D77A222}.Release|Any CPU.Build.0 = Release|Any CPU
	EndGlobalSection
	GlobalSection(SolutionProperties) = preSolution
		HideSolutionNode = FALSE
	EndGlobalSection
	GlobalSection(ExtensibilityGlobals) = postSolution
		SolutionGuid = {97843BEB-1E41-476D-9883-E4463DF890D1}
	EndGlobalSection
EndGlobal
